// !$*UTF8*$!
{
	archiveVersion = 1;
	classes = {
	};
	objectVersion = 50;
	objects = {

/* Begin PBXBuildFile section */
		1A6E9AC421CB41C6007E3919 /* AppDelegate.swift in Sources */ = {isa = PBXBuildFile; fileRef = 1A6E9AC321CB41C6007E3919 /* AppDelegate.swift */; };
		1A6E9AC621CB41C6007E3919 /* ViewController.swift in Sources */ = {isa = PBXBuildFile; fileRef = 1A6E9AC521CB41C6007E3919 /* ViewController.swift */; };
		1A6E9AC921CB41C6007E3919 /* Main.storyboard in Resources */ = {isa = PBXBuildFile; fileRef = 1A6E9AC721CB41C6007E3919 /* Main.storyboard */; };
		1A6E9ACB21CB41C8007E3919 /* Assets.xcassets in Resources */ = {isa = PBXBuildFile; fileRef = 1A6E9ACA21CB41C8007E3919 /* Assets.xcassets */; };
		1A6E9ACE21CB41C8007E3919 /* LaunchScreen.storyboard in Resources */ = {isa = PBXBuildFile; fileRef = 1A6E9ACC21CB41C8007E3919 /* LaunchScreen.storyboard */; };
		1A6E9AD921CB41C9007E3919 /* StopwatchTests.swift in Sources */ = {isa = PBXBuildFile; fileRef = 1A6E9AD821CB41C9007E3919 /* StopwatchTests.swift */; };
		1A6E9AE421CB41C9007E3919 /* StopwatchUITests.swift in Sources */ = {isa = PBXBuildFile; fileRef = 1A6E9AE321CB41C9007E3919 /* StopwatchUITests.swift */; };
/* End PBXBuildFile section */

/* Begin PBXContainerItemProxy section */
		1A6E9AD521CB41C9007E3919 /* PBXContainerItemProxy */ = {
			isa = PBXContainerItemProxy;
			containerPortal = 1A6E9AB821CB41C6007E3919 /* Project object */;
			proxyType = 1;
			remoteGlobalIDString = 1A6E9ABF21CB41C6007E3919;
			remoteInfo = Stopwatch;
		};
		1A6E9AE021CB41C9007E3919 /* PBXContainerItemProxy */ = {
			isa = PBXContainerItemProxy;
			containerPortal = 1A6E9AB821CB41C6007E3919 /* Project object */;
			proxyType = 1;
			remoteGlobalIDString = 1A6E9ABF21CB41C6007E3919;
			remoteInfo = Stopwatch;
		};
/* End PBXContainerItemProxy section */

/* Begin PBXFileReference section */
		1A6E9AC021CB41C6007E3919 /* Stopwatch.app */ = {isa = PBXFileReference; explicitFileType = wrapper.application; includeInIndex = 0; path = Stopwatch.app; sourceTree = BUILT_PRODUCTS_DIR; };
		1A6E9AC321CB41C6007E3919 /* AppDelegate.swift */ = {isa = PBXFileReference; lastKnownFileType = sourcecode.swift; path = AppDelegate.swift; sourceTree = "<group>"; };
		1A6E9AC521CB41C6007E3919 /* ViewController.swift */ = {isa = PBXFileReference; lastKnownFileType = sourcecode.swift; path = ViewController.swift; sourceTree = "<group>"; };
		1A6E9AC821CB41C6007E3919 /* Base */ = {isa = PBXFileReference; lastKnownFileType = file.storyboard; name = Base; path = Base.lproj/Main.storyboard; sourceTree = "<group>"; };
		1A6E9ACA21CB41C8007E3919 /* Assets.xcassets */ = {isa = PBXFileReference; lastKnownFileType = folder.assetcatalog; path = Assets.xcassets; sourceTree = "<group>"; };
		1A6E9ACD21CB41C8007E3919 /* Base */ = {isa = PBXFileReference; lastKnownFileType = file.storyboard; name = Base; path = Base.lproj/LaunchScreen.storyboard; sourceTree = "<group>"; };
		1A6E9ACF21CB41C8007E3919 /* Info.plist */ = {isa = PBXFileReference; lastKnownFileType = text.plist.xml; path = Info.plist; sourceTree = "<group>"; };
		1A6E9AD421CB41C9007E3919 /* StopwatchTests.xctest */ = {isa = PBXFileReference; explicitFileType = wrapper.cfbundle; includeInIndex = 0; path = StopwatchTests.xctest; sourceTree = BUILT_PRODUCTS_DIR; };
		1A6E9AD821CB41C9007E3919 /* StopwatchTests.swift */ = {isa = PBXFileReference; lastKnownFileType = sourcecode.swift; path = StopwatchTests.swift; sourceTree = "<group>"; };
		1A6E9ADA21CB41C9007E3919 /* Info.plist */ = {isa = PBXFileReference; lastKnownFileType = text.plist.xml; path = Info.plist; sourceTree = "<group>"; };
		1A6E9ADF21CB41C9007E3919 /* StopwatchUITests.xctest */ = {isa = PBXFileReference; explicitFileType = wrapper.cfbundle; includeInIndex = 0; path = StopwatchUITests.xctest; sourceTree = BUILT_PRODUCTS_DIR; };
		1A6E9AE321CB41C9007E3919 /* StopwatchUITests.swift */ = {isa = PBXFileReference; lastKnownFileType = sourcecode.swift; path = StopwatchUITests.swift; sourceTree = "<group>"; };
		1A6E9AE521CB41C9007E3919 /* Info.plist */ = {isa = PBXFileReference; lastKnownFileType = text.plist.xml; path = Info.plist; sourceTree = "<group>"; };
/* End PBXFileReference section */

/* Begin PBXFrameworksBuildPhase section */
		1A6E9ABD21CB41C6007E3919 /* Frameworks */ = {
			isa = PBXFrameworksBuildPhase;
			buildActionMask = 2147483647;
			files = (
			);
			runOnlyForDeploymentPostprocessing = 0;
		};
		1A6E9AD121CB41C9007E3919 /* Frameworks */ = {
			isa = PBXFrameworksBuildPhase;
			buildActionMask = 2147483647;
			files = (
			);
			runOnlyForDeploymentPostprocessing = 0;
		};
		1A6E9ADC21CB41C9007E3919 /* Frameworks */ = {
			isa = PBXFrameworksBuildPhase;
			buildActionMask = 2147483647;
			files = (
			);
			runOnlyForDeploymentPostprocessing = 0;
		};
/* End PBXFrameworksBuildPhase section */

/* Begin PBXGroup section */
		1A6E9AB721CB41C6007E3919 = {
			isa = PBXGroup;
			children = (
				1A6E9AC221CB41C6007E3919 /* Stopwatch */,
				1A6E9AD721CB41C9007E3919 /* StopwatchTests */,
				1A6E9AE221CB41C9007E3919 /* StopwatchUITests */,
				1A6E9AC121CB41C6007E3919 /* Products */,
			);
			sourceTree = "<group>";
		};
		1A6E9AC121CB41C6007E3919 /* Products */ = {
			isa = PBXGroup;
			children = (
				1A6E9AC021CB41C6007E3919 /* Stopwatch.app */,
				1A6E9AD421CB41C9007E3919 /* StopwatchTests.xctest */,
				1A6E9ADF21CB41C9007E3919 /* StopwatchUITests.xctest */,
			);
			name = Products;
			sourceTree = "<group>";
		};
		1A6E9AC221CB41C6007E3919 /* Stopwatch */ = {
			isa = PBXGroup;
			children = (
				1A6E9AC321CB41C6007E3919 /* AppDelegate.swift */,
				1A6E9AC521CB41C6007E3919 /* ViewController.swift */,
				1A6E9AC721CB41C6007E3919 /* Main.storyboard */,
				1A6E9ACA21CB41C8007E3919 /* Assets.xcassets */,
				1A6E9ACC21CB41C8007E3919 /* LaunchScreen.storyboard */,
				1A6E9ACF21CB41C8007E3919 /* Info.plist */,
			);
			path = Stopwatch;
			sourceTree = "<group>";
		};
		1A6E9AD721CB41C9007E3919 /* StopwatchTests */ = {
			isa = PBXGroup;
			children = (
				1A6E9AD821CB41C9007E3919 /* StopwatchTests.swift */,
				1A6E9ADA21CB41C9007E3919 /* Info.plist */,
			);
			path = StopwatchTests;
			sourceTree = "<group>";
		};
		1A6E9AE221CB41C9007E3919 /* StopwatchUITests */ = {
			isa = PBXGroup;
			children = (
				1A6E9AE321CB41C9007E3919 /* StopwatchUITests.swift */,
				1A6E9AE521CB41C9007E3919 /* Info.plist */,
			);
			path = StopwatchUITests;
			sourceTree = "<group>";
		};
/* End PBXGroup section */

/* Begin PBXNativeTarget section */
		1A6E9ABF21CB41C6007E3919 /* Stopwatch */ = {
			isa = PBXNativeTarget;
			buildConfigurationList = 1A6E9AE821CB41C9007E3919 /* Build configuration list for PBXNativeTarget "Stopwatch" */;
			buildPhases = (
				1A6E9ABC21CB41C6007E3919 /* Sources */,
				1A6E9ABD21CB41C6007E3919 /* Frameworks */,
				1A6E9ABE21CB41C6007E3919 /* Resources */,
			);
			buildRules = (
			);
			dependencies = (
			);
			name = Stopwatch;
			productName = Stopwatch;
			productReference = 1A6E9AC021CB41C6007E3919 /* Stopwatch.app */;
			productType = "com.apple.product-type.application";
		};
		1A6E9AD321CB41C9007E3919 /* StopwatchTests */ = {
			isa = PBXNativeTarget;
			buildConfigurationList = 1A6E9AEB21CB41C9007E3919 /* Build configuration list for PBXNativeTarget "StopwatchTests" */;
			buildPhases = (
				1A6E9AD021CB41C9007E3919 /* Sources */,
				1A6E9AD121CB41C9007E3919 /* Frameworks */,
				1A6E9AD221CB41C9007E3919 /* Resources */,
			);
			buildRules = (
			);
			dependencies = (
				1A6E9AD621CB41C9007E3919 /* PBXTargetDependency */,
			);
			name = StopwatchTests;
			productName = StopwatchTests;
			productReference = 1A6E9AD421CB41C9007E3919 /* StopwatchTests.xctest */;
			productType = "com.apple.product-type.bundle.unit-test";
		};
		1A6E9ADE21CB41C9007E3919 /* StopwatchUITests */ = {
			isa = PBXNativeTarget;
			buildConfigurationList = 1A6E9AEE21CB41C9007E3919 /* Build configuration list for PBXNativeTarget "StopwatchUITests" */;
			buildPhases = (
				1A6E9ADB21CB41C9007E3919 /* Sources */,
				1A6E9ADC21CB41C9007E3919 /* Frameworks */,
				1A6E9ADD21CB41C9007E3919 /* Resources */,
			);
			buildRules = (
			);
			dependencies = (
				1A6E9AE121CB41C9007E3919 /* PBXTargetDependency */,
			);
			name = StopwatchUITests;
			productName = StopwatchUITests;
			productReference = 1A6E9ADF21CB41C9007E3919 /* StopwatchUITests.xctest */;
			productType = "com.apple.product-type.bundle.ui-testing";
		};
/* End PBXNativeTarget section */

/* Begin PBXProject section */
		1A6E9AB821CB41C6007E3919 /* Project object */ = {
			isa = PBXProject;
			attributes = {
				LastSwiftUpdateCheck = 1000;
				LastUpgradeCheck = 1000;
				ORGANIZATIONNAME = zgy;
				TargetAttributes = {
					1A6E9ABF21CB41C6007E3919 = {
						CreatedOnToolsVersion = 10.0;
					};
					1A6E9AD321CB41C9007E3919 = {
						CreatedOnToolsVersion = 10.0;
						TestTargetID = 1A6E9ABF21CB41C6007E3919;
					};
					1A6E9ADE21CB41C9007E3919 = {
						CreatedOnToolsVersion = 10.0;
						TestTargetID = 1A6E9ABF21CB41C6007E3919;
					};
				};
			};
			buildConfigurationList = 1A6E9ABB21CB41C6007E3919 /* Build configuration list for PBXProject "Stopwatch" */;
			compatibilityVersion = "Xcode 9.3";
			developmentRegion = en;
			hasScannedForEncodings = 0;
			knownRegions = (
				en,
				Base,
			);
			mainGroup = 1A6E9AB721CB41C6007E3919;
			productRefGroup = 1A6E9AC121CB41C6007E3919 /* Products */;
			projectDirPath = "";
			projectRoot = "";
			targets = (
				1A6E9ABF21CB41C6007E3919 /* Stopwatch */,
				1A6E9AD321CB41C9007E3919 /* StopwatchTests */,
				1A6E9ADE21CB41C9007E3919 /* StopwatchUITests */,
			);
		};
/* End PBXProject section */

/* Begin PBXResourcesBuildPhase section */
		1A6E9ABE21CB41C6007E3919 /* Resources */ = {
			isa = PBXResourcesBuildPhase;
			buildActionMask = 2147483647;
			files = (
				1A6E9ACE21CB41C8007E3919 /* LaunchScreen.storyboard in Resources */,
				1A6E9ACB21CB41C8007E3919 /* Assets.xcassets in Resources */,
				1A6E9AC921CB41C6007E3919 /* Main.storyboard in Resources */,
			);
			runOnlyForDeploymentPostprocessing = 0;
		};
		1A6E9AD221CB41C9007E3919 /* Resources */ = {
			isa = PBXResourcesBuildPhase;
			buildActionMask = 2147483647;
			files = (
			);
			runOnlyForDeploymentPostprocessing = 0;
		};
		1A6E9ADD21CB41C9007E3919 /* Resources */ = {
			isa = PBXResourcesBuildPhase;
			buildActionMask = 2147483647;
			files = (
			);
			runOnlyForDeploymentPostprocessing = 0;
		};
/* End PBXResourcesBuildPhase section */

/* Begin PBXSourcesBuildPhase section */
		1A6E9ABC21CB41C6007E3919 /* Sources */ = {
			isa = PBXSourcesBuildPhase;
			buildActionMask = 2147483647;
			files = (
				1A6E9AC621CB41C6007E3919 /* ViewController.swift in Sources */,
				1A6E9AC421CB41C6007E3919 /* AppDelegate.swift in Sources */,
			);
			runOnlyForDeploymentPostprocessing = 0;
		};
		1A6E9AD021CB41C9007E3919 /* Sources */ = {
			isa = PBXSourcesBuildPhase;
			buildActionMask = 2147483647;
			files = (
				1A6E9AD921CB41C9007E3919 /* StopwatchTests.swift in Sources */,
			);
			runOnlyForDeploymentPostprocessing = 0;
		};
		1A6E9ADB21CB41C9007E3919 /* Sources */ = {
			isa = PBXSourcesBuildPhase;
			buildActionMask = 2147483647;
			files = (
				1A6E9AE421CB41C9007E3919 /* StopwatchUITests.swift in Sources */,
			);
			runOnlyForDeploymentPostprocessing = 0;
		};
/* End PBXSourcesBuildPhase section */

/* Begin PBXTargetDependency section */
		1A6E9AD621CB41C9007E3919 /* PBXTargetDependency */ = {
			isa = PBXTargetDependency;
			target = 1A6E9ABF21CB41C6007E3919 /* Stopwatch */;
			targetProxy = 1A6E9AD521CB41C9007E3919 /* PBXContainerItemProxy */;
		};
		1A6E9AE121CB41C9007E3919 /* PBXTargetDependency */ = {
			isa = PBXTargetDependency;
			target = 1A6E9ABF21CB41C6007E3919 /* Stopwatch */;
			targetProxy = 1A6E9AE021CB41C9007E3919 /* PBXContainerItemProxy */;
		};
/* End PBXTargetDependency section */

/* Begin PBXVariantGroup section */
		1A6E9AC721CB41C6007E3919 /* Main.storyboard */ = {
			isa = PBXVariantGroup;
			children = (
				1A6E9AC821CB41C6007E3919 /* Base */,
			);
			name = Main.storyboard;
			sourceTree = "<group>";
		};
		1A6E9ACC21CB41C8007E3919 /* LaunchScreen.storyboard */ = {
			isa = PBXVariantGroup;
			children = (
				1A6E9ACD21CB41C8007E3919 /* Base */,
			);
			name = LaunchScreen.storyboard;
			sourceTree = "<group>";
		};
/* End PBXVariantGroup section */

/* Begin XCBuildConfiguration section */
		1A6E9AE621CB41C9007E3919 /* Debug */ = {
			isa = XCBuildConfiguration;
			buildSettings = {
				ALWAYS_SEARCH_USER_PATHS = NO;
				CLANG_ANALYZER_NONNULL = YES;
				CLANG_ANALYZER_NUMBER_OBJECT_CONVERSION = YES_AGGRESSIVE;
				CLANG_CXX_LANGUAGE_STANDARD = "gnu++14";
				CLANG_CXX_LIBRARY = "libc++";
				CLANG_ENABLE_MODULES = YES;
				CLANG_ENABLE_OBJC_ARC = YES;
				CLANG_ENABLE_OBJC_WEAK = YES;
				CLANG_WARN_BLOCK_CAPTURE_AUTORELEASING = YES;
				CLANG_WARN_BOOL_CONVERSION = YES;
				CLANG_WARN_COMMA = YES;
				CLANG_WARN_CONSTANT_CONVERSION = YES;
				CLANG_WARN_DEPRECATED_OBJC_IMPLEMENTATIONS = YES;
				CLANG_WARN_DIRECT_OBJC_ISA_USAGE = YES_ERROR;
				CLANG_WARN_DOCUMENTATION_COMMENTS = YES;
				CLANG_WARN_EMPTY_BODY = YES;
				CLANG_WARN_ENUM_CONVERSION = YES;
				CLANG_WARN_INFINITE_RECURSION = YES;
				CLANG_WARN_INT_CONVERSION = YES;
				CLANG_WARN_NON_LITERAL_NULL_CONVERSION = YES;
				CLANG_WARN_OBJC_IMPLICIT_RETAIN_SELF = YES;
				CLANG_WARN_OBJC_LITERAL_CONVERSION = YES;
				CLANG_WARN_OBJC_ROOT_CLASS = YES_ERROR;
				CLANG_WARN_RANGE_LOOP_ANALYSIS = YES;
				CLANG_WARN_STRICT_PROTOTYPES = YES;
				CLANG_WARN_SUSPICIOUS_MOVE = YES;
				CLANG_WARN_UNGUARDED_AVAILABILITY = YES_AGGRESSIVE;
				CLANG_WARN_UNREACHABLE_CODE = YES;
				CLANG_WARN__DUPLICATE_METHOD_MATCH = YES;
				CODE_SIGN_IDENTITY = "iPhone Developer";
				COPY_PHASE_STRIP = NO;
				DEBUG_INFORMATION_FORMAT = dwarf;
				ENABLE_STRICT_OBJC_MSGSEND = YES;
				ENABLE_TESTABILITY = YES;
				GCC_C_LANGUAGE_STANDARD = gnu11;
				GCC_DYNAMIC_NO_PIC = NO;
				GCC_NO_COMMON_BLOCKS = YES;
				GCC_OPTIMIZATION_LEVEL = 0;
				GCC_PREPROCESSOR_DEFINITIONS = (
					"DEBUG=1",
					"$(inherited)",
				);
				GCC_WARN_64_TO_32_BIT_CONVERSION = YES;
				GCC_WARN_ABOUT_RETURN_TYPE = YES_ERROR;
				GCC_WARN_UNDECLARED_SELECTOR = YES;
				GCC_WARN_UNINITIALIZED_AUTOS = YES_AGGRESSIVE;
				GCC_WARN_UNUSED_FUNCTION = YES;
				GCC_WARN_UNUSED_VARIABLE = YES;
				IPHONEOS_DEPLOYMENT_TARGET = 12.0;
				MTL_ENABLE_DEBUG_INFO = INCLUDE_SOURCE;
				MTL_FAST_MATH = YES;
				ONLY_ACTIVE_ARCH = YES;
				SDKROOT = iphoneos;
				SWIFT_ACTIVE_COMPILATION_CONDITIONS = DEBUG;
				SWIFT_OPTIMIZATION_LEVEL = "-Onone";
			};
			name = Debug;
		};
		1A6E9AE721CB41C9007E3919 /* Release */ = {
			isa = XCBuildConfiguration;
			buildSettings = {
				ALWAYS_SEARCH_USER_PATHS = NO;
				CLANG_ANALYZER_NONNULL = YES;
				CLANG_ANALYZER_NUMBER_OBJECT_CONVERSION = YES_AGGRESSIVE;
				CLANG_CXX_LANGUAGE_STANDARD = "gnu++14";
				CLANG_CXX_LIBRARY = "libc++";
				CLANG_ENABLE_MODULES = YES;
				CLANG_ENABLE_OBJC_ARC = YES;
				CLANG_ENABLE_OBJC_WEAK = YES;
				CLANG_WARN_BLOCK_CAPTURE_AUTORELEASING = YES;
				CLANG_WARN_BOOL_CONVERSION = YES;
				CLANG_WARN_COMMA = YES;
				CLANG_WARN_CONSTANT_CONVERSION = YES;
				CLANG_WARN_DEPRECATED_OBJC_IMPLEMENTATIONS = YES;
				CLANG_WARN_DIRECT_OBJC_ISA_USAGE = YES_ERROR;
				CLANG_WARN_DOCUMENTATION_COMMENTS = YES;
				CLANG_WARN_EMPTY_BODY = YES;
				CLANG_WARN_ENUM_CONVERSION = YES;
				CLANG_WARN_INFINITE_RECURSION = YES;
				CLANG_WARN_INT_CONVERSION = YES;
				CLANG_WARN_NON_LITERAL_NULL_CONVERSION = YES;
				CLANG_WARN_OBJC_IMPLICIT_RETAIN_SELF = YES;
				CLANG_WARN_OBJC_LITERAL_CONVERSION = YES;
				CLANG_WARN_OBJC_ROOT_CLASS = YES_ERROR;
				CLANG_WARN_RANGE_LOOP_ANALYSIS = YES;
				CLANG_WARN_STRICT_PROTOTYPES = YES;
				CLANG_WARN_SUSPICIOUS_MOVE = YES;
				CLANG_WARN_UNGUARDED_AVAILABILITY = YES_AGGRESSIVE;
				CLANG_WARN_UNREACHABLE_CODE = YES;
				CLANG_WARN__DUPLICATE_METHOD_MATCH = YES;
				CODE_SIGN_IDENTITY = "iPhone Developer";
				COPY_PHASE_STRIP = NO;
				DEBUG_INFORMATION_FORMAT = "dwarf-with-dsym";
				ENABLE_NS_ASSERTIONS = NO;
				ENABLE_STRICT_OBJC_MSGSEND = YES;
				GCC_C_LANGUAGE_STANDARD = gnu11;
				GCC_NO_COMMON_BLOCKS = YES;
				GCC_WARN_64_TO_32_BIT_CONVERSION = YES;
				GCC_WARN_ABOUT_RETURN_TYPE = YES_ERROR;
				GCC_WARN_UNDECLARED_SELECTOR = YES;
				GCC_WARN_UNINITIALIZED_AUTOS = YES_AGGRESSIVE;
				GCC_WARN_UNUSED_FUNCTION = YES;
				GCC_WARN_UNUSED_VARIABLE = YES;
				IPHONEOS_DEPLOYMENT_TARGET = 12.0;
				MTL_ENABLE_DEBUG_INFO = NO;
				MTL_FAST_MATH = YES;
				SDKROOT = iphoneos;
				SWIFT_COMPILATION_MODE = wholemodule;
				SWIFT_OPTIMIZATION_LEVEL = "-O";
				VALIDATE_PRODUCT = YES;
			};
			name = Release;
		};
		1A6E9AE921CB41C9007E3919 /* Debug */ = {
			isa = XCBuildConfiguration;
			buildSettings = {
				ASSETCATALOG_COMPILER_APPICON_NAME = AppIcon;
				CODE_SIGN_STYLE = Automatic;
				INFOPLIST_FILE = Stopwatch/Info.plist;
				LD_RUNPATH_SEARCH_PATHS = (
					"$(inherited)",
					"@executable_path/Frameworks",
				);
				PRODUCT_BUNDLE_IDENTIFIER = imnu.edu.cn.Stopwatch;
				PRODUCT_NAME = "$(TARGET_NAME)";
				SWIFT_VERSION = 4.2;
				TARGETED_DEVICE_FAMILY = "1,2";
			};
			name = Debug;
		};
		1A6E9AEA21CB41C9007E3919 /* Release */ = {
			isa = XCBuildConfiguration;
			buildSettings = {
				ASSETCATALOG_COMPILER_APPICON_NAME = AppIcon;
				CODE_SIGN_STYLE = Automatic;
				INFOPLIST_FILE = Stopwatch/Info.plist;
				LD_RUNPATH_SEARCH_PATHS = (
					"$(inherited)",
					"@executable_path/Frameworks",
				);
				PRODUCT_BUNDLE_IDENTIFIER = imnu.edu.cn.Stopwatch;
				PRODUCT_NAME = "$(TARGET_NAME)";
				SWIFT_VERSION = 4.2;
				TARGETED_DEVICE_FAMILY = "1,2";
			};
			name = Release;
		};
		1A6E9AEC21CB41C9007E3919 /* Debug */ = {
			isa = XCBuildConfiguration;
			buildSettings = {
				ALWAYS_EMBED_SWIFT_STANDARD_LIBRARIES = YES;
				BUNDLE_LOADER = "$(TEST_HOST)";
				CODE_SIGN_STYLE = Automatic;
				INFOPLIST_FILE = StopwatchTests/Info.plist;
				LD_RUNPATH_SEARCH_PATHS = (
					"$(inherited)",
					"@executable_path/Frameworks",
					"@loader_path/Frameworks",
				);
				PRODUCT_BUNDLE_IDENTIFIER = imnu.edu.cn.StopwatchTests;
				PRODUCT_NAME = "$(TARGET_NAME)";
				SWIFT_VERSION = 4.2;
				TARGETED_DEVICE_FAMILY = "1,2";
				TEST_HOST = "$(BUILT_PRODUCTS_DIR)/Stopwatch.app/Stopwatch";
			};
			name = Debug;
		};
		1A6E9AED21CB41C9007E3919 /* Release */ = {
			isa = XCBuildConfiguration;
			buildSettings = {
				ALWAYS_EMBED_SWIFT_STANDARD_LIBRARIES = YES;
				BUNDLE_LOADER = "$(TEST_HOST)";
				CODE_SIGN_STYLE = Automatic;
				INFOPLIST_FILE = StopwatchTests/Info.plist;
				LD_RUNPATH_SEARCH_PATHS = (
					"$(inherited)",
					"@executable_path/Frameworks",
					"@loader_path/Frameworks",
				);
				PRODUCT_BUNDLE_IDENTIFIER = imnu.edu.cn.StopwatchTests;
				PRODUCT_NAME = "$(TARGET_NAME)";
				SWIFT_VERSION = 4.2;
				TARGETED_DEVICE_FAMILY = "1,2";
				TEST_HOST = "$(BUILT_PRODUCTS_DIR)/Stopwatch.app/Stopwatch";
			};
			name = Release;
		};
		1A6E9AEF21CB41C9007E3919 /* Debug */ = {
			isa = XCBuildConfiguration;
			buildSettings = {
				ALWAYS_EMBED_SWIFT_STANDARD_LIBRARIES = YES;
				CODE_SIGN_STYLE = Automatic;
				INFOPLIST_FILE = StopwatchUITests/Info.plist;
				LD_RUNPATH_SEARCH_PATHS = (
					"$(inherited)",
					"@executable_path/Frameworks",
					"@loader_path/Frameworks",
				);
				PRODUCT_BUNDLE_IDENTIFIER = imnu.edu.cn.StopwatchUITests;
				PRODUCT_NAME = "$(TARGET_NAME)";
				SWIFT_VERSION = 4.2;
				TARGETED_DEVICE_FAMILY = "1,2";
				TEST_TARGET_NAME = Stopwatch;
			};
			name = Debug;
		};
		1A6E9AF021CB41C9007E3919 /* Release */ = {
			isa = XCBuildConfiguration;
			buildSettings = {
				ALWAYS_EMBED_SWIFT_STANDARD_LIBRARIES = YES;
				CODE_SIGN_STYLE = Automatic;
				INFOPLIST_FILE = StopwatchUITests/Info.plist;
				LD_RUNPATH_SEARCH_PATHS = (
					"$(inherited)",
					"@executable_path/Frameworks",
					"@loader_path/Frameworks",
				);
				PRODUCT_BUNDLE_IDENTIFIER = imnu.edu.cn.StopwatchUITests;
				PRODUCT_NAME = "$(TARGET_NAME)";
				SWIFT_VERSION = 4.2;
				TARGETED_DEVICE_FAMILY = "1,2";
				TEST_TARGET_NAME = Stopwatch;
			};
			name = Release;
		};
/* End XCBuildConfiguration section */

/* Begin XCConfigurationList section */
		1A6E9ABB21CB41C6007E3919 /* Build configuration list for PBXProject "Stopwatch" */ = {
			isa = XCConfigurationList;
			buildConfigurations = (
				1A6E9AE621CB41C9007E3919 /* Debug */,
				1A6E9AE721CB41C9007E3919 /* Release */,
			);
			defaultConfigurationIsVisible = 0;
			defaultConfigurationName = Release;
		};
		1A6E9AE821CB41C9007E3919 /* Build configuration list for PBXNativeTarget "Stopwatch" */ = {
			isa = XCConfigurationList;
			buildConfigurations = (
				1A6E9AE921CB41C9007E3919 /* Debug */,
				1A6E9AEA21CB41C9007E3919 /* Release */,
			);
			defaultConfigurationIsVisible = 0;
			defaultConfigurationName = Release;
		};
		1A6E9AEB21CB41C9007E3919 /* Build configuration list for PBXNativeTarget "StopwatchTests" */ = {
			isa = XCConfigurationList;
			buildConfigurations = (
				1A6E9AEC21CB41C9007E3919 /* Debug */,
				1A6E9AED21CB41C9007E3919 /* Release */,
			);
			defaultConfigurationIsVisible = 0;
			defaultConfigurationName = Release;
		};
		1A6E9AEE21CB41C9007E3919 /* Build configuration list for PBXNativeTarget "StopwatchUITests" */ = {
			isa = XCConfigurationList;
			buildConfigurations = (
				1A6E9AEF21CB41C9007E3919 /* Debug */,
				1A6E9AF021CB41C9007E3919 /* Release */,
			);
			defaultConfigurationIsVisible = 0;
			defaultConfigurationName = Release;
		};
/* End XCConfigurationList section */
	};
	rootObject = 1A6E9AB821CB41C6007E3919 /* Project object */;
}
